version = 1
revision = 1
requires-python = ">=3.13"

[[package]]
name = "pyside2"
version = "5.15.2.1"
source = { registry = "https://pypi.org/simple" }
dependencies = [
    { name = "shiboken2" },
]
wheels = [
    { url = "https://files.pythonhosted.org/packages/1b/1f/194ed3a9c79abe4d8e8800112d5c19d0b9d7a1aca8b10029043bb3a083d0/PySide2-5.15.2.1-5.15.2-cp35.cp36.cp37.cp38.cp39.cp310-abi3-macosx_10_13_intel.whl", hash = "sha256:a9e2e6bbcb5d2ebb421e46e72244a0f4fe0943b2288115f80a863aacc1de1f06", size = 148464754 },
    { url = "https://files.pythonhosted.org/packages/c2/9a/78ca8bada6cf4d2798e0c823c025c590517d74445837f4eb50bfddce8737/PySide2-5.15.2.1-5.15.2-cp35.cp36.cp37.cp38.cp39.cp310-abi3-manylinux1_x86_64.whl", hash = "sha256:23886c6391ebd916e835fa1b5ae66938048504fd3a2934ae3189a96cd5ac0b46", size = 164306859 },
]

[[package]]
name = "shiboken2"
version = "5.15.2.1"
source = { registry = "https://pypi.org/simple" }
wheels = [
    { url = "https://files.pythonhosted.org/packages/34/bb/7bad766088a8ccb6512c5d5d1520a51fcc9221b3ec371b134d14d1b269a5/shiboken2-5.15.2.1-5.15.2-cp35.cp36.cp37.cp38.cp39.cp310-abi3-macosx_10_13_intel.whl", hash = "sha256:ffd3d0ec3d508e592d7ee3885d27fee1f279a49989f734eb130f46d9501273a9", size = 958579 },
    { url = "https://files.pythonhosted.org/packages/a6/0e/c1953bb08f45e0f1703e7dc153e9c94ba3042c282ebcd94cada385a9cdb3/shiboken2-5.15.2.1-5.15.2-cp35.cp36.cp37.cp38.cp39.cp310-abi3-manylinux1_x86_64.whl", hash = "sha256:63debfcc531b6a2b4985aa9b71433d2ad3bac542acffc729cc0ecaa3854390c0", size = 975428 },
]

[[package]]
name = "xolo"
version = "0.1.0"
source = { virtual = "." }
dependencies = [
    { name = "pyside2" },
]

[package.metadata]
requires-dist = [{ name = "pyside2", specifier = ">=5.15.2.1" }]
